# This file is automatically @generated by Cargo.
# It is not intended for manual editing.
version = 3

[[package]]
name = "cobol-railroad-diagram"
version = "0.1.0"
dependencies = [
 "json",
 "railroad",
]

[[package]]
name = "htmlescape"
version = "0.3.1"
source = "registry+https://github.com/rust-lang/crates.io-index"
checksum = "e9025058dae765dee5070ec375f591e2ba14638c63feff74f13805a72e523163"

[[package]]
name = "json"
version = "0.12.4"
source = "registry+https://github.com/rust-lang/crates.io-index"
checksum = "078e285eafdfb6c4b434e0d31e8cfcb5115b651496faca5749b88fafd4f23bfd"

[[package]]
name = "railroad"
version = "0.1.1"
source = "registry+https://github.com/rust-lang/crates.io-index"
checksum = "59c47c4d3be383b581ee4f7e7b1858c1ea6d717736780257052fa601de3047a9"
dependencies = [
 "htmlescape",
 "unicode-width",
]

[[package]]
name = "unicode-width"
version = "0.1.10"
source = "registry+https://github.com/rust-lang/crates.io-index"
checksum = "c0edd1e5b14653f783770bce4a4dabb4a5108a5370a5f5d8cfe8710c361f6c8b"
